
Microsoft Visual Studio Solution File, Format Version 12.00
# Visual Studio 15
Project("{FAE04EC0-301F-11D3-BF4B-00C04F79EFBC}") = "Assembly-CSharp", "Assembly-CSharp.csproj", "{31684AC7-E1B8-16B8-C954-43980565A29E}"
EndProject
Project("{FAE04EC0-301F-11D3-BF4B-00C04F79EFBC}") = "Assembly-CSharp-Editor", "Assembly-CSharp-Editor.csproj", "{2757B3F1-C088-3425-44D6-4B61C7AF50A5}"
EndProject
Global
	GlobalSection(SolutionConfigurationPlatforms) = preSolution
		Debug|Any CPU = Debug|Any CPU
		Release|Any CPU = Release|Any CPU
	EndGlobalSection
	GlobalSection(ProjectConfigurationPlatforms) = postSolution
		{31684AC7-E1B8-16B8-C954-43980565A29E}.Debug|Any CPU.ActiveCfg = Debug|Any CPU
		{31684AC7-E1B8-16B8-C954-43980565A29E}.Debug|Any CPU.Build.0 = Debug|Any CPU
		{31684AC7-E1B8-16B8-C954-43980565A29E}.Release|Any CPU.ActiveCfg = Release|Any CPU
		{31684AC7-E1B8-16B8-C954-43980565A29E}.Release|Any CPU.Build.0 = Release|Any CPU
		{2757B3F1-C088-3425-44D6-4B61C7AF50A5}.Debug|Any CPU.ActiveCfg = Debug|Any CPU
		{2757B3F1-C088-3425-44D6-4B61C7AF50A5}.Debug|Any CPU.Build.0 = Debug|Any CPU
		{2757B3F1-C088-3425-44D6-4B61C7AF50A5}.Release|Any CPU.ActiveCfg = Release|Any CPU
		{2757B3F1-C088-3425-44D6-4B61C7AF50A5}.Release|Any CPU.Build.0 = Release|Any CPU
	EndGlobalSection
	GlobalSection(SolutionProperties) = preSolution
		HideSolutionNode = FALSE
	EndGlobalSection
EndGlobal
